// !$*UTF8*$!
{
	archiveVersion = 1;
	classes = {
	};
	objectVersion = 56;
	objects = {

/* Begin PBXBuildFile section */
		1A026E0978449F7D52193287 /* Pods_assignment.framework in Frameworks */ = {isa = PBXBuildFile; fileRef = AD0D7B6B3E0394E69D74F345 /* Pods_assignment.framework */; };
		B7A67BAF2902ED2F001F885D /* AppDelegate.swift in Sources */ = {isa = PBXBuildFile; fileRef = B7A67BAE2902ED2F001F885D /* AppDelegate.swift */; };
		B7A67BB12902ED2F001F885D /* SceneDelegate.swift in Sources */ = {isa = PBXBuildFile; fileRef = B7A67BB02902ED2F001F885D /* SceneDelegate.swift */; };
		B7A67BB32902ED2F001F885D /* ViewController.swift in Sources */ = {isa = PBXBuildFile; fileRef = B7A67BB22902ED2F001F885D /* ViewController.swift */; };
		B7A67BB62902ED2F001F885D /* Main.storyboard in Resources */ = {isa = PBXBuildFile; fileRef = B7A67BB42902ED2F001F885D /* Main.storyboard */; };
		B7A67BB82902ED31001F885D /* Assets.xcassets in Resources */ = {isa = PBXBuildFile; fileRef = B7A67BB72902ED31001F885D /* Assets.xcassets */; };
		B7A67BBB2902ED31001F885D /* LaunchScreen.storyboard in Resources */ = {isa = PBXBuildFile; fileRef = B7A67BB92902ED31001F885D /* LaunchScreen.storyboard */; };
		B7A67BC32902EF3D001F885D /* MainTabBarViewController.swift in Sources */ = {isa = PBXBuildFile; fileRef = B7A67BC22902EF3D001F885D /* MainTabBarViewController.swift */; };
		B7A67BC52902F049001F885D /* CartViewController.swift in Sources */ = {isa = PBXBuildFile; fileRef = B7A67BC42902F049001F885D /* CartViewController.swift */; };
		B7A67BC72902FB9F001F885D /* CollectionViewTableViewCell.swift in Sources */ = {isa = PBXBuildFile; fileRef = B7A67BC62902FB9F001F885D /* CollectionViewTableViewCell.swift */; };
		B7A67BC929031BE5001F885D /* HomeViewController.swift in Sources */ = {isa = PBXBuildFile; fileRef = B7A67BC829031BE4001F885D /* HomeViewController.swift */; };
		B7A67BCB290327BA001F885D /* FooterView.swift in Sources */ = {isa = PBXBuildFile; fileRef = B7A67BCA290327BA001F885D /* FooterView.swift */; };
		B7A67BCE29032F61001F885D /* Item.swift in Sources */ = {isa = PBXBuildFile; fileRef = B7A67BCD29032F61001F885D /* Item.swift */; };
		B7A67BD029033038001F885D /* ItemCollectionViewCell.swift in Sources */ = {isa = PBXBuildFile; fileRef = B7A67BCF29033038001F885D /* ItemCollectionViewCell.swift */; };
		B7A67C1529046C42001F885D /* GoogleService-Info.plist in Resources */ = {isa = PBXBuildFile; fileRef = B7A67C1429046C42001F885D /* GoogleService-Info.plist */; };
		B7A67C1829046C92001F885D /* FirebaseAuth in Frameworks */ = {isa = PBXBuildFile; productRef = B7A67C1729046C92001F885D /* FirebaseAuth */; };
		B7A67C1A29046C92001F885D /* FirebaseFirestore in Frameworks */ = {isa = PBXBuildFile; productRef = B7A67C1929046C92001F885D /* FirebaseFirestore */; };
		B7A67C1C29046C92001F885D /* FirebaseStorage in Frameworks */ = {isa = PBXBuildFile; productRef = B7A67C1B29046C92001F885D /* FirebaseStorage */; };
		B7A67C1E29046DED001F885D /* WelcomeViewController.swift in Sources */ = {isa = PBXBuildFile; fileRef = B7A67C1D29046DED001F885D /* WelcomeViewController.swift */; };
		B7A67C2029046DFD001F885D /* LoginViewController.swift in Sources */ = {isa = PBXBuildFile; fileRef = B7A67C1F29046DFD001F885D /* LoginViewController.swift */; };
		B7A67C2229046E0A001F885D /* RegisterViewController.swift in Sources */ = {isa = PBXBuildFile; fileRef = B7A67C2129046E09001F885D /* RegisterViewController.swift */; };
/* End PBXBuildFile section */

/* Begin PBXFileReference section */
		0706ABEC6B618AB29266B958 /* Pods-assignment.release.xcconfig */ = {isa = PBXFileReference; includeInIndex = 1; lastKnownFileType = text.xcconfig; name = "Pods-assignment.release.xcconfig"; path = "Target Support Files/Pods-assignment/Pods-assignment.release.xcconfig"; sourceTree = "<group>"; };
		AD0D7B6B3E0394E69D74F345 /* Pods_assignment.framework */ = {isa = PBXFileReference; explicitFileType = wrapper.framework; includeInIndex = 0; path = Pods_assignment.framework; sourceTree = BUILT_PRODUCTS_DIR; };
		B7A67BAB2902ED2F001F885D /* assignment.app */ = {isa = PBXFileReference; explicitFileType = wrapper.application; includeInIndex = 0; path = assignment.app; sourceTree = BUILT_PRODUCTS_DIR; };
		B7A67BAE2902ED2F001F885D /* AppDelegate.swift */ = {isa = PBXFileReference; lastKnownFileType = sourcecode.swift; path = AppDelegate.swift; sourceTree = "<group>"; };
		B7A67BB02902ED2F001F885D /* SceneDelegate.swift */ = {isa = PBXFileReference; lastKnownFileType = sourcecode.swift; path = SceneDelegate.swift; sourceTree = "<group>"; };
		B7A67BB22902ED2F001F885D /* ViewController.swift */ = {isa = PBXFileReference; lastKnownFileType = sourcecode.swift; path = ViewController.swift; sourceTree = "<group>"; };
		B7A67BB52902ED2F001F885D /* Base */ = {isa = PBXFileReference; lastKnownFileType = file.storyboard; name = Base; path = Base.lproj/Main.storyboard; sourceTree = "<group>"; };
		B7A67BB72902ED31001F885D /* Assets.xcassets */ = {isa = PBXFileReference; lastKnownFileType = folder.assetcatalog; path = Assets.xcassets; sourceTree = "<group>"; };
		B7A67BBA2902ED31001F885D /* Base */ = {isa = PBXFileReference; lastKnownFileType = file.storyboard; name = Base; path = Base.lproj/LaunchScreen.storyboard; sourceTree = "<group>"; };
		B7A67BBC2902ED31001F885D /* Info.plist */ = {isa = PBXFileReference; lastKnownFileType = text.plist.xml; path = Info.plist; sourceTree = "<group>"; };
		B7A67BC22902EF3D001F885D /* MainTabBarViewController.swift */ = {isa = PBXFileReference; lastKnownFileType = sourcecode.swift; path = MainTabBarViewController.swift; sourceTree = "<group>"; };
		B7A67BC42902F049001F885D /* CartViewController.swift */ = {isa = PBXFileReference; lastKnownFileType = sourcecode.swift; path = CartViewController.swift; sourceTree = "<group>"; };
		B7A67BC62902FB9F001F885D /* CollectionViewTableViewCell.swift */ = {isa = PBXFileReference; lastKnownFileType = sourcecode.swift; path = CollectionViewTableViewCell.swift; sourceTree = "<group>"; };
		B7A67BC829031BE4001F885D /* HomeViewController.swift */ = {isa = PBXFileReference; lastKnownFileType = sourcecode.swift; path = HomeViewController.swift; sourceTree = "<group>"; };
		B7A67BCA290327BA001F885D /* FooterView.swift */ = {isa = PBXFileReference; lastKnownFileType = sourcecode.swift; path = FooterView.swift; sourceTree = "<group>"; };
		B7A67BCD29032F61001F885D /* Item.swift */ = {isa = PBXFileReference; lastKnownFileType = sourcecode.swift; path = Item.swift; sourceTree = "<group>"; };
		B7A67BCF29033038001F885D /* ItemCollectionViewCell.swift */ = {isa = PBXFileReference; lastKnownFileType = sourcecode.swift; path = ItemCollectionViewCell.swift; sourceTree = "<group>"; };
		B7A67C1429046C42001F885D /* GoogleService-Info.plist */ = {isa = PBXFileReference; fileEncoding = 4; lastKnownFileType = text.plist.xml; path = "GoogleService-Info.plist"; sourceTree = "<group>"; };
		B7A67C1D29046DED001F885D /* WelcomeViewController.swift */ = {isa = PBXFileReference; lastKnownFileType = sourcecode.swift; path = WelcomeViewController.swift; sourceTree = "<group>"; };
		B7A67C1F29046DFD001F885D /* LoginViewController.swift */ = {isa = PBXFileReference; lastKnownFileType = sourcecode.swift; path = LoginViewController.swift; sourceTree = "<group>"; };
		B7A67C2129046E09001F885D /* RegisterViewController.swift */ = {isa = PBXFileReference; lastKnownFileType = sourcecode.swift; path = RegisterViewController.swift; sourceTree = "<group>"; };
		C440CDCC869B7B85263DB99F /* Pods-assignment.debug.xcconfig */ = {isa = PBXFileReference; includeInIndex = 1; lastKnownFileType = text.xcconfig; name = "Pods-assignment.debug.xcconfig"; path = "Target Support Files/Pods-assignment/Pods-assignment.debug.xcconfig"; sourceTree = "<group>"; };
/* End PBXFileReference section */

/* Begin PBXFrameworksBuildPhase section */
		B7A67BA82902ED2F001F885D /* Frameworks */ = {
			isa = PBXFrameworksBuildPhase;
			buildActionMask = 2147483647;
			files = (
				B7A67C1829046C92001F885D /* FirebaseAuth in Frameworks */,
				B7A67C1A29046C92001F885D /* FirebaseFirestore in Frameworks */,
				B7A67C1C29046C92001F885D /* FirebaseStorage in Frameworks */,
				1A026E0978449F7D52193287 /* Pods_assignment.framework in Frameworks */,
			);
			runOnlyForDeploymentPostprocessing = 0;
		};
/* End PBXFrameworksBuildPhase section */

/* Begin PBXGroup section */
		3542D2F8D5783FC4F2AB50C4 /* Frameworks */ = {
			isa = PBXGroup;
			children = (
				AD0D7B6B3E0394E69D74F345 /* Pods_assignment.framework */,
			);
			name = Frameworks;
			sourceTree = "<group>";
		};
		AE594931424199E4BEE05B2E /* Pods */ = {
			isa = PBXGroup;
			children = (
				C440CDCC869B7B85263DB99F /* Pods-assignment.debug.xcconfig */,
				0706ABEC6B618AB29266B958 /* Pods-assignment.release.xcconfig */,
			);
			path = Pods;
			sourceTree = "<group>";
		};
		B7A67BA22902ED2F001F885D = {
			isa = PBXGroup;
			children = (
				B7A67BAD2902ED2F001F885D /* assignment */,
				B7A67BAC2902ED2F001F885D /* Products */,
				AE594931424199E4BEE05B2E /* Pods */,
				3542D2F8D5783FC4F2AB50C4 /* Frameworks */,
			);
			sourceTree = "<group>";
		};
		B7A67BAC2902ED2F001F885D /* Products */ = {
			isa = PBXGroup;
			children = (
				B7A67BAB2902ED2F001F885D /* assignment.app */,
			);
			name = Products;
			sourceTree = "<group>";
		};
		B7A67BAD2902ED2F001F885D /* assignment */ = {
			isa = PBXGroup;
			children = (
				B7A67BCC29032F2C001F885D /* Models */,
				B7A67BC22902EF3D001F885D /* MainTabBarViewController.swift */,
				B7A67BC829031BE4001F885D /* HomeViewController.swift */,
				B7A67BC42902F049001F885D /* CartViewController.swift */,
				B7A67BAE2902ED2F001F885D /* AppDelegate.swift */,
				B7A67BB02902ED2F001F885D /* SceneDelegate.swift */,
				B7A67BB22902ED2F001F885D /* ViewController.swift */,
				B7A67BB42902ED2F001F885D /* Main.storyboard */,
				B7A67BB72902ED31001F885D /* Assets.xcassets */,
				B7A67BB92902ED31001F885D /* LaunchScreen.storyboard */,
				B7A67BBC2902ED31001F885D /* Info.plist */,
				B7A67BC62902FB9F001F885D /* CollectionViewTableViewCell.swift */,
				B7A67BCA290327BA001F885D /* FooterView.swift */,
				B7A67BCF29033038001F885D /* ItemCollectionViewCell.swift */,
				B7A67C1429046C42001F885D /* GoogleService-Info.plist */,
				B7A67C1D29046DED001F885D /* WelcomeViewController.swift */,
				B7A67C1F29046DFD001F885D /* LoginViewController.swift */,
				B7A67C2129046E09001F885D /* RegisterViewController.swift */,
			);
			path = assignment;
			sourceTree = "<group>";
		};
		B7A67BCC29032F2C001F885D /* Models */ = {
			isa = PBXGroup;
			children = (
				B7A67BCD29032F61001F885D /* Item.swift */,
			);
			path = Models;
			sourceTree = "<group>";
		};
/* End PBXGroup section */

/* Begin PBXNativeTarget section */
		B7A67BAA2902ED2F001F885D /* assignment */ = {
			isa = PBXNativeTarget;
			buildConfigurationList = B7A67BBF2902ED31001F885D /* Build configuration list for PBXNativeTarget "assignment" */;
			buildPhases = (
				C99471A083311299DC95F3E9 /* [CP] Check Pods Manifest.lock */,
				B7A67BA72902ED2F001F885D /* Sources */,
				B7A67BA82902ED2F001F885D /* Frameworks */,
				B7A67BA92902ED2F001F885D /* Resources */,
				D5198D9FACFC5AC64C9F754C /* [CP] Embed Pods Frameworks */,
			);
			buildRules = (
			);
			dependencies = (
			);
			name = assignment;
			packageProductDependencies = (
				B7A67C1729046C92001F885D /* FirebaseAuth */,
				B7A67C1929046C92001F885D /* FirebaseFirestore */,
				B7A67C1B29046C92001F885D /* FirebaseStorage */,
			);
			productName = assignment;
			productReference = B7A67BAB2902ED2F001F885D /* assignment.app */;
			productType = "com.apple.product-type.application";
		};
/* End PBXNativeTarget section */

/* Begin PBXProject section */
		B7A67BA32902ED2F001F885D /* Project object */ = {
			isa = PBXProject;
			attributes = {
				BuildIndependentTargetsInParallel = 1;
				LastSwiftUpdateCheck = 1400;
				LastUpgradeCheck = 1400;
				TargetAttributes = {
					B7A67BAA2902ED2F001F885D = {
						CreatedOnToolsVersion = 14.0.1;
					};
				};
			};
			buildConfigurationList = B7A67BA62902ED2F001F885D /* Build configuration list for PBXProject "assignment" */;
			compatibilityVersion = "Xcode 14.0";
			developmentRegion = en;
			hasScannedForEncodings = 0;
			knownRegions = (
				en,
				Base,
			);
			mainGroup = B7A67BA22902ED2F001F885D;
			packageReferences = (
				B7A67C1629046C92001F885D /* XCRemoteSwiftPackageReference "firebase-ios-sdk" */,
			);
			productRefGroup = B7A67BAC2902ED2F001F885D /* Products */;
			projectDirPath = "";
			projectRoot = "";
			targets = (
				B7A67BAA2902ED2F001F885D /* assignment */,
			);
		};
/* End PBXProject section */

/* Begin PBXResourcesBuildPhase section */
		B7A67BA92902ED2F001F885D /* Resources */ = {
			isa = PBXResourcesBuildPhase;
			buildActionMask = 2147483647;
			files = (
				B7A67BBB2902ED31001F885D /* LaunchScreen.storyboard in Resources */,
				B7A67C1529046C42001F885D /* GoogleService-Info.plist in Resources */,
				B7A67BB82902ED31001F885D /* Assets.xcassets in Resources */,
				B7A67BB62902ED2F001F885D /* Main.storyboard in Resources */,
			);
			runOnlyForDeploymentPostprocessing = 0;
		};
/* End PBXResourcesBuildPhase section */

/* Begin PBXShellScriptBuildPhase section */
		C99471A083311299DC95F3E9 /* [CP] Check Pods Manifest.lock */ = {
			isa = PBXShellScriptBuildPhase;
			buildActionMask = 2147483647;
			files = (
			);
			inputFileListPaths = (
			);
			inputPaths = (
				"${PODS_PODFILE_DIR_PATH}/Podfile.lock",
				"${PODS_ROOT}/Manifest.lock",
			);
			name = "[CP] Check Pods Manifest.lock";
			outputFileListPaths = (
			);
			outputPaths = (
				"$(DERIVED_FILE_DIR)/Pods-assignment-checkManifestLockResult.txt",
			);
			runOnlyForDeploymentPostprocessing = 0;
			shellPath = /bin/sh;
			shellScript = "diff \"${PODS_PODFILE_DIR_PATH}/Podfile.lock\" \"${PODS_ROOT}/Manifest.lock\" > /dev/null\nif [ $? != 0 ] ; then\n    # print error to STDERR\n    echo \"error: The sandbox is not in sync with the Podfile.lock. Run 'pod install' or update your CocoaPods installation.\" >&2\n    exit 1\nfi\n# This output is used by Xcode 'outputs' to avoid re-running this script phase.\necho \"SUCCESS\" > \"${SCRIPT_OUTPUT_FILE_0}\"\n";
			showEnvVarsInLog = 0;
		};
		D5198D9FACFC5AC64C9F754C /* [CP] Embed Pods Frameworks */ = {
			isa = PBXShellScriptBuildPhase;
			buildActionMask = 2147483647;
			files = (
			);
			inputFileListPaths = (
				"${PODS_ROOT}/Target Support Files/Pods-assignment/Pods-assignment-frameworks-${CONFIGURATION}-input-files.xcfilelist",
			);
			name = "[CP] Embed Pods Frameworks";
			outputFileListPaths = (
				"${PODS_ROOT}/Target Support Files/Pods-assignment/Pods-assignment-frameworks-${CONFIGURATION}-output-files.xcfilelist",
			);
			runOnlyForDeploymentPostprocessing = 0;
			shellPath = /bin/sh;
			shellScript = "\"${PODS_ROOT}/Target Support Files/Pods-assignment/Pods-assignment-frameworks.sh\"\n";
			showEnvVarsInLog = 0;
		};
/* End PBXShellScriptBuildPhase section */

/* Begin PBXSourcesBuildPhase section */
		B7A67BA72902ED2F001F885D /* Sources */ = {
			isa = PBXSourcesBuildPhase;
			buildActionMask = 2147483647;
			files = (
				B7A67C2029046DFD001F885D /* LoginViewController.swift in Sources */,
				B7A67BB32902ED2F001F885D /* ViewController.swift in Sources */,
				B7A67BCE29032F61001F885D /* Item.swift in Sources */,
				B7A67C1E29046DED001F885D /* WelcomeViewController.swift in Sources */,
				B7A67BC32902EF3D001F885D /* MainTabBarViewController.swift in Sources */,
				B7A67BC72902FB9F001F885D /* CollectionViewTableViewCell.swift in Sources */,
				B7A67BC52902F049001F885D /* CartViewController.swift in Sources */,
				B7A67BD029033038001F885D /* ItemCollectionViewCell.swift in Sources */,
				B7A67BAF2902ED2F001F885D /* AppDelegate.swift in Sources */,
				B7A67BCB290327BA001F885D /* FooterView.swift in Sources */,
				B7A67C2229046E0A001F885D /* RegisterViewController.swift in Sources */,
				B7A67BC929031BE5001F885D /* HomeViewController.swift in Sources */,
				B7A67BB12902ED2F001F885D /* SceneDelegate.swift in Sources */,
			);
			runOnlyForDeploymentPostprocessing = 0;
		};
/* End PBXSourcesBuildPhase section */

/* Begin PBXVariantGroup section */
		B7A67BB42902ED2F001F885D /* Main.storyboard */ = {
			isa = PBXVariantGroup;
			children = (
				B7A67BB52902ED2F001F885D /* Base */,
			);
			name = Main.storyboard;
			sourceTree = "<group>";
		};
		B7A67BB92902ED31001F885D /* LaunchScreen.storyboard */ = {
			isa = PBXVariantGroup;
			children = (
				B7A67BBA2902ED31001F885D /* Base */,
			);
			name = LaunchScreen.storyboard;
			sourceTree = "<group>";
		};
/* End PBXVariantGroup section */

/* Begin XCBuildConfiguration section */
		B7A67BBD2902ED31001F885D /* Debug */ = {
			isa = XCBuildConfiguration;
			buildSettings = {
				ALWAYS_SEARCH_USER_PATHS = NO;
				CLANG_ANALYZER_NONNULL = YES;
				CLANG_ANALYZER_NUMBER_OBJECT_CONVERSION = YES_AGGRESSIVE;
				CLANG_CXX_LANGUAGE_STANDARD = "gnu++20";
				CLANG_ENABLE_MODULES = YES;
				CLANG_ENABLE_OBJC_ARC = YES;
				CLANG_ENABLE_OBJC_WEAK = YES;
				CLANG_WARN_BLOCK_CAPTURE_AUTORELEASING = YES;
				CLANG_WARN_BOOL_CONVERSION = YES;
				CLANG_WARN_COMMA = YES;
				CLANG_WARN_CONSTANT_CONVERSION = YES;
				CLANG_WARN_DEPRECATED_OBJC_IMPLEMENTATIONS = YES;
				CLANG_WARN_DIRECT_OBJC_ISA_USAGE = YES_ERROR;
				CLANG_WARN_DOCUMENTATION_COMMENTS = YES;
				CLANG_WARN_EMPTY_BODY = YES;
				CLANG_WARN_ENUM_CONVERSION = YES;
				CLANG_WARN_INFINITE_RECURSION = YES;
				CLANG_WARN_INT_CONVERSION = YES;
				CLANG_WARN_NON_LITERAL_NULL_CONVERSION = YES;
				CLANG_WARN_OBJC_IMPLICIT_RETAIN_SELF = YES;
				CLANG_WARN_OBJC_LITERAL_CONVERSION = YES;
				CLANG_WARN_OBJC_ROOT_CLASS = YES_ERROR;
				CLANG_WARN_QUOTED_INCLUDE_IN_FRAMEWORK_HEADER = YES;
				CLANG_WARN_RANGE_LOOP_ANALYSIS = YES;
				CLANG_WARN_STRICT_PROTOTYPES = YES;
				CLANG_WARN_SUSPICIOUS_MOVE = YES;
				CLANG_WARN_UNGUARDED_AVAILABILITY = YES_AGGRESSIVE;
				CLANG_WARN_UNREACHABLE_CODE = YES;
				CLANG_WARN__DUPLICATE_METHOD_MATCH = YES;
				COPY_PHASE_STRIP = NO;
				DEBUG_INFORMATION_FORMAT = dwarf;
				ENABLE_STRICT_OBJC_MSGSEND = YES;
				ENABLE_TESTABILITY = YES;
				GCC_C_LANGUAGE_STANDARD = gnu11;
				GCC_DYNAMIC_NO_PIC = NO;
				GCC_NO_COMMON_BLOCKS = YES;
				GCC_OPTIMIZATION_LEVEL = 0;
				GCC_PREPROCESSOR_DEFINITIONS = (
					"DEBUG=1",
					"$(inherited)",
				);
				GCC_WARN_64_TO_32_BIT_CONVERSION = YES;
				GCC_WARN_ABOUT_RETURN_TYPE = YES_ERROR;
				GCC_WARN_UNDECLARED_SELECTOR = YES;
				GCC_WARN_UNINITIALIZED_AUTOS = YES_AGGRESSIVE;
				GCC_WARN_UNUSED_FUNCTION = YES;
				GCC_WARN_UNUSED_VARIABLE = YES;
				IPHONEOS_DEPLOYMENT_TARGET = 16.0;
				MTL_ENABLE_DEBUG_INFO = INCLUDE_SOURCE;
				MTL_FAST_MATH = YES;
				ONLY_ACTIVE_ARCH = YES;
				SDKROOT = iphoneos;
				SWIFT_ACTIVE_COMPILATION_CONDITIONS = DEBUG;
				SWIFT_OPTIMIZATION_LEVEL = "-Onone";
			};
			name = Debug;
		};
		B7A67BBE2902ED31001F885D /* Release */ = {
			isa = XCBuildConfiguration;
			buildSettings = {
				ALWAYS_SEARCH_USER_PATHS = NO;
				CLANG_ANALYZER_NONNULL = YES;
				CLANG_ANALYZER_NUMBER_OBJECT_CONVERSION = YES_AGGRESSIVE;
				CLANG_CXX_LANGUAGE_STANDARD = "gnu++20";
				CLANG_ENABLE_MODULES = YES;
				CLANG_ENABLE_OBJC_ARC = YES;
				CLANG_ENABLE_OBJC_WEAK = YES;
				CLANG_WARN_BLOCK_CAPTURE_AUTORELEASING = YES;
				CLANG_WARN_BOOL_CONVERSION = YES;
				CLANG_WARN_COMMA = YES;
				CLANG_WARN_CONSTANT_CONVERSION = YES;
				CLANG_WARN_DEPRECATED_OBJC_IMPLEMENTATIONS = YES;
				CLANG_WARN_DIRECT_OBJC_ISA_USAGE = YES_ERROR;
				CLANG_WARN_DOCUMENTATION_COMMENTS = YES;
				CLANG_WARN_EMPTY_BODY = YES;
				CLANG_WARN_ENUM_CONVERSION = YES;
				CLANG_WARN_INFINITE_RECURSION = YES;
				CLANG_WARN_INT_CONVERSION = YES;
				CLANG_WARN_NON_LITERAL_NULL_CONVERSION = YES;
				CLANG_WARN_OBJC_IMPLICIT_RETAIN_SELF = YES;
				CLANG_WARN_OBJC_LITERAL_CONVERSION = YES;
				CLANG_WARN_OBJC_ROOT_CLASS = YES_ERROR;
				CLANG_WARN_QUOTED_INCLUDE_IN_FRAMEWORK_HEADER = YES;
				CLANG_WARN_RANGE_LOOP_ANALYSIS = YES;
				CLANG_WARN_STRICT_PROTOTYPES = YES;
				CLANG_WARN_SUSPICIOUS_MOVE = YES;
				CLANG_WARN_UNGUARDED_AVAILABILITY = YES_AGGRESSIVE;
				CLANG_WARN_UNREACHABLE_CODE = YES;
				CLANG_WARN__DUPLICATE_METHOD_MATCH = YES;
				COPY_PHASE_STRIP = NO;
				DEBUG_INFORMATION_FORMAT = "dwarf-with-dsym";
				ENABLE_NS_ASSERTIONS = NO;
				ENABLE_STRICT_OBJC_MSGSEND = YES;
				GCC_C_LANGUAGE_STANDARD = gnu11;
				GCC_NO_COMMON_BLOCKS = YES;
				GCC_WARN_64_TO_32_BIT_CONVERSION = YES;
				GCC_WARN_ABOUT_RETURN_TYPE = YES_ERROR;
				GCC_WARN_UNDECLARED_SELECTOR = YES;
				GCC_WARN_UNINITIALIZED_AUTOS = YES_AGGRESSIVE;
				GCC_WARN_UNUSED_FUNCTION = YES;
				GCC_WARN_UNUSED_VARIABLE = YES;
				IPHONEOS_DEPLOYMENT_TARGET = 16.0;
				MTL_ENABLE_DEBUG_INFO = NO;
				MTL_FAST_MATH = YES;
				SDKROOT = iphoneos;
				SWIFT_COMPILATION_MODE = wholemodule;
				SWIFT_OPTIMIZATION_LEVEL = "-O";
				VALIDATE_PRODUCT = YES;
			};
			name = Release;
		};
		B7A67BC02902ED31001F885D /* Debug */ = {
			isa = XCBuildConfiguration;
			baseConfigurationReference = C440CDCC869B7B85263DB99F /* Pods-assignment.debug.xcconfig */;
			buildSettings = {
				ASSETCATALOG_COMPILER_APPICON_NAME = AppIcon;
				ASSETCATALOG_COMPILER_GLOBAL_ACCENT_COLOR_NAME = AccentColor;
				CODE_SIGN_STYLE = Automatic;
				CURRENT_PROJECT_VERSION = 1;
				DEVELOPMENT_TEAM = L7SC3MD7VG;
				GENERATE_INFOPLIST_FILE = YES;
				INFOPLIST_FILE = assignment/Info.plist;
				INFOPLIST_KEY_UIApplicationSupportsIndirectInputEvents = YES;
				INFOPLIST_KEY_UILaunchStoryboardName = LaunchScreen;
				INFOPLIST_KEY_UIMainStoryboardFile = Main;
				INFOPLIST_KEY_UISupportedInterfaceOrientations_iPad = "UIInterfaceOrientationPortrait UIInterfaceOrientationPortraitUpsideDown UIInterfaceOrientationLandscapeLeft UIInterfaceOrientationLandscapeRight";
				INFOPLIST_KEY_UISupportedInterfaceOrientations_iPhone = "UIInterfaceOrientationPortrait UIInterfaceOrientationLandscapeLeft UIInterfaceOrientationLandscapeRight";
				LD_RUNPATH_SEARCH_PATHS = (
					"$(inherited)",
					"@executable_path/Frameworks",
				);
				MARKETING_VERSION = 1.0;
				PRODUCT_BUNDLE_IDENTIFIER = com.rahul.assignment;
				PRODUCT_NAME = "$(TARGET_NAME)";
				SWIFT_EMIT_LOC_STRINGS = YES;
				SWIFT_VERSION = 5.0;
				TARGETED_DEVICE_FAMILY = "1,2";
			};
			name = Debug;
		};
		B7A67BC12902ED31001F885D /* Release */ = {
			isa = XCBuildConfiguration;
			baseConfigurationReference = 0706ABEC6B618AB29266B958 /* Pods-assignment.release.xcconfig */;
			buildSettings = {
				ASSETCATALOG_COMPILER_APPICON_NAME = AppIcon;
				ASSETCATALOG_COMPILER_GLOBAL_ACCENT_COLOR_NAME = AccentColor;
				CODE_SIGN_STYLE = Automatic;
				CURRENT_PROJECT_VERSION = 1;
				DEVELOPMENT_TEAM = L7SC3MD7VG;
				GENERATE_INFOPLIST_FILE = YES;
				INFOPLIST_FILE = assignment/Info.plist;
				INFOPLIST_KEY_UIApplicationSupportsIndirectInputEvents = YES;
				INFOPLIST_KEY_UILaunchStoryboardName = LaunchScreen;
				INFOPLIST_KEY_UIMainStoryboardFile = Main;
				INFOPLIST_KEY_UISupportedInterfaceOrientations_iPad = "UIInterfaceOrientationPortrait UIInterfaceOrientationPortraitUpsideDown UIInterfaceOrientationLandscapeLeft UIInterfaceOrientationLandscapeRight";
				INFOPLIST_KEY_UISupportedInterfaceOrientations_iPhone = "UIInterfaceOrientationPortrait UIInterfaceOrientationLandscapeLeft UIInterfaceOrientationLandscapeRight";
				LD_RUNPATH_SEARCH_PATHS = (
					"$(inherited)",
					"@executable_path/Frameworks",
				);
				MARKETING_VERSION = 1.0;
				PRODUCT_BUNDLE_IDENTIFIER = com.rahul.assignment;
				PRODUCT_NAME = "$(TARGET_NAME)";
				SWIFT_EMIT_LOC_STRINGS = YES;
				SWIFT_VERSION = 5.0;
				TARGETED_DEVICE_FAMILY = "1,2";
			};
			name = Release;
		};
/* End XCBuildConfiguration section */

/* Begin XCConfigurationList section */
		B7A67BA62902ED2F001F885D /* Build configuration list for PBXProject "assignment" */ = {
			isa = XCConfigurationList;
			buildConfigurations = (
				B7A67BBD2902ED31001F885D /* Debug */,
				B7A67BBE2902ED31001F885D /* Release */,
			);
			defaultConfigurationIsVisible = 0;
			defaultConfigurationName = Release;
		};
		B7A67BBF2902ED31001F885D /* Build configuration list for PBXNativeTarget "assignment" */ = {
			isa = XCConfigurationList;
			buildConfigurations = (
				B7A67BC02902ED31001F885D /* Debug */,
				B7A67BC12902ED31001F885D /* Release */,
			);
			defaultConfigurationIsVisible = 0;
			defaultConfigurationName = Release;
		};
/* End XCConfigurationList section */

/* Begin XCRemoteSwiftPackageReference section */
		B7A67C1629046C92001F885D /* XCRemoteSwiftPackageReference "firebase-ios-sdk" */ = {
			isa = XCRemoteSwiftPackageReference;
			repositoryURL = "https://github.com/firebase/firebase-ios-sdk";
			requirement = {
				kind = upToNextMajorVersion;
				minimumVersion = 9.0.0;
			};
		};
/* End XCRemoteSwiftPackageReference section */

/* Begin XCSwiftPackageProductDependency section */
		B7A67C1729046C92001F885D /* FirebaseAuth */ = {
			isa = XCSwiftPackageProductDependency;
			package = B7A67C1629046C92001F885D /* XCRemoteSwiftPackageReference "firebase-ios-sdk" */;
			productName = FirebaseAuth;
		};
		B7A67C1929046C92001F885D /* FirebaseFirestore */ = {
			isa = XCSwiftPackageProductDependency;
			package = B7A67C1629046C92001F885D /* XCRemoteSwiftPackageReference "firebase-ios-sdk" */;
			productName = FirebaseFirestore;
		};
		B7A67C1B29046C92001F885D /* FirebaseStorage */ = {
			isa = XCSwiftPackageProductDependency;
			package = B7A67C1629046C92001F885D /* XCRemoteSwiftPackageReference "firebase-ios-sdk" */;
			productName = FirebaseStorage;
		};
/* End XCSwiftPackageProductDependency section */
	};
	rootObject = B7A67BA32902ED2F001F885D /* Project object */;
}
